// !$*UTF8*$!
{
	archiveVersion = 1;
	classes = {
	};
	objectVersion = 56;
	objects = {

/* Begin PBXBuildFile section */
		4E5278E929E8280C00CC2446 /* RMCharacterPhotoCollectionViewCell.swift in Sources */ = {isa = PBXBuildFile; fileRef = 4E5278E829E8280C00CC2446 /* RMCharacterPhotoCollectionViewCell.swift */; };
		4E5278EB29E8285E00CC2446 /* RMCharacterEpisodeCollectionViewCell.swift in Sources */ = {isa = PBXBuildFile; fileRef = 4E5278EA29E8285E00CC2446 /* RMCharacterEpisodeCollectionViewCell.swift */; };
		4E5278ED29E8288E00CC2446 /* RMCharacterInformationCollectionViewCell.swift in Sources */ = {isa = PBXBuildFile; fileRef = 4E5278EC29E8288E00CC2446 /* RMCharacterInformationCollectionViewCell.swift */; };
		4E5278F029E82BAF00CC2446 /* RMCharacterPhotoCollectionViewCellViewModel.swift in Sources */ = {isa = PBXBuildFile; fileRef = 4E5278EF29E82BAF00CC2446 /* RMCharacterPhotoCollectionViewCellViewModel.swift */; };
		4E5278F229E82BC900CC2446 /* RMCharacterEpisodeCollectionViewCellViewModel.swift in Sources */ = {isa = PBXBuildFile; fileRef = 4E5278F129E82BC900CC2446 /* RMCharacterEpisodeCollectionViewCellViewModel.swift */; };
		4E5278F429E82BDB00CC2446 /* RMCharacterInformationCollectionViewCellViewModel.swift in Sources */ = {isa = PBXBuildFile; fileRef = 4E5278F329E82BDB00CC2446 /* RMCharacterInformationCollectionViewCellViewModel.swift */; };
		4EBEED6029E077C600A3F1E4 /* RMImageManager.swift in Sources */ = {isa = PBXBuildFile; fileRef = 4EBEED5F29E077C600A3F1E4 /* RMImageManager.swift */; };
		4EEAF0D329CB440300570D5D /* AppDelegate.swift in Sources */ = {isa = PBXBuildFile; fileRef = 4EEAF0D229CB440300570D5D /* AppDelegate.swift */; };
		4EEAF0D529CB440300570D5D /* SceneDelegate.swift in Sources */ = {isa = PBXBuildFile; fileRef = 4EEAF0D429CB440300570D5D /* SceneDelegate.swift */; };
		4EEAF0D729CB440300570D5D /* RMTabViewController.swift in Sources */ = {isa = PBXBuildFile; fileRef = 4EEAF0D629CB440300570D5D /* RMTabViewController.swift */; };
		4EEAF0DC29CB440600570D5D /* Assets.xcassets in Resources */ = {isa = PBXBuildFile; fileRef = 4EEAF0DB29CB440600570D5D /* Assets.xcassets */; };
		4EEAF0DF29CB440600570D5D /* LaunchScreen.storyboard in Resources */ = {isa = PBXBuildFile; fileRef = 4EEAF0DD29CB440600570D5D /* LaunchScreen.storyboard */; };
		4EEAF0EF29CB45A800570D5D /* RMCharacterViewController.swift in Sources */ = {isa = PBXBuildFile; fileRef = 4EEAF0EE29CB45A800570D5D /* RMCharacterViewController.swift */; };
		4EEAF0F129CB45CA00570D5D /* RMEpisodeViewController.swift in Sources */ = {isa = PBXBuildFile; fileRef = 4EEAF0F029CB45CA00570D5D /* RMEpisodeViewController.swift */; };
		4EEAF0F329CB45E300570D5D /* RMLocationViewController.swift in Sources */ = {isa = PBXBuildFile; fileRef = 4EEAF0F229CB45E300570D5D /* RMLocationViewController.swift */; };
		4EEAF0F529CB45F300570D5D /* RMSettingsViewController.swift in Sources */ = {isa = PBXBuildFile; fileRef = 4EEAF0F429CB45F300570D5D /* RMSettingsViewController.swift */; };
		4EEAF0F729CB46F200570D5D /* RMLocation.swift in Sources */ = {isa = PBXBuildFile; fileRef = 4EEAF0F629CB46F200570D5D /* RMLocation.swift */; };
		4EEAF0F929CB46FF00570D5D /* RMCharacter.swift in Sources */ = {isa = PBXBuildFile; fileRef = 4EEAF0F829CB46FF00570D5D /* RMCharacter.swift */; };
		4EEAF0FB29CB470600570D5D /* RMEpisode.swift in Sources */ = {isa = PBXBuildFile; fileRef = 4EEAF0FA29CB470600570D5D /* RMEpisode.swift */; };
		4EEAF0FD29CB471F00570D5D /* RMServive.swift in Sources */ = {isa = PBXBuildFile; fileRef = 4EEAF0FC29CB471F00570D5D /* RMServive.swift */; };
		4EEAF0FF29CB475100570D5D /* RMRequest.swift in Sources */ = {isa = PBXBuildFile; fileRef = 4EEAF0FE29CB475100570D5D /* RMRequest.swift */; };
		4EEAF10129CB476200570D5D /* RMEndpoint.swift in Sources */ = {isa = PBXBuildFile; fileRef = 4EEAF10029CB476200570D5D /* RMEndpoint.swift */; };
		4EEAF10329CC2AE900570D5D /* RMOrigin.swift in Sources */ = {isa = PBXBuildFile; fileRef = 4EEAF10229CC2AE900570D5D /* RMOrigin.swift */; };
		4EEAF10529CC2B4400570D5D /* RMSingleLocation.swift in Sources */ = {isa = PBXBuildFile; fileRef = 4EEAF10429CC2B4400570D5D /* RMSingleLocation.swift */; };
		4EEAF10729CC2C3F00570D5D /* RMcharacterStatus.swift in Sources */ = {isa = PBXBuildFile; fileRef = 4EEAF10629CC2C3F00570D5D /* RMcharacterStatus.swift */; };
		4EEAF10929CC2CFD00570D5D /* RmCharacterGender.swift in Sources */ = {isa = PBXBuildFile; fileRef = 4EEAF10829CC2CFD00570D5D /* RmCharacterGender.swift */; };
		4EEAF10F29CC9B6D00570D5D /* RMGetAllCharactersResponse.swift in Sources */ = {isa = PBXBuildFile; fileRef = 4EEAF10E29CC9B6D00570D5D /* RMGetAllCharactersResponse.swift */; };
		4EEAF11129CF0D5F00570D5D /* RMCharacterListViewViewModel.swift in Sources */ = {isa = PBXBuildFile; fileRef = 4EEAF11029CF0D5E00570D5D /* RMCharacterListViewViewModel.swift */; };
		4EEAF11329CF0F9400570D5D /* RMCharacterListView.swift in Sources */ = {isa = PBXBuildFile; fileRef = 4EEAF11229CF0F9400570D5D /* RMCharacterListView.swift */; };
		4EEAF11529CF162200570D5D /* Extensions.swift in Sources */ = {isa = PBXBuildFile; fileRef = 4EEAF11429CF162200570D5D /* Extensions.swift */; };
		4EEAF11729D057C300570D5D /* RMCharacterCollectionViewCell.swift in Sources */ = {isa = PBXBuildFile; fileRef = 4EEAF11629D057C300570D5D /* RMCharacterCollectionViewCell.swift */; };
		4EEAF11929D058F100570D5D /* RMCharacterCollectionViewCellViewModel.swift in Sources */ = {isa = PBXBuildFile; fileRef = 4EEAF11829D058F100570D5D /* RMCharacterCollectionViewCellViewModel.swift */; };
		4EEAF11C29D5BF0D00570D5D /* RMCharacterDetailViewController.swift in Sources */ = {isa = PBXBuildFile; fileRef = 4EEAF11B29D5BF0D00570D5D /* RMCharacterDetailViewController.swift */; };
		4EEAF11E29D5C00500570D5D /* RMCharacterDetailView.swift in Sources */ = {isa = PBXBuildFile; fileRef = 4EEAF11D29D5C00500570D5D /* RMCharacterDetailView.swift */; };
		4EEAF12029D5C03600570D5D /* RMCharacterDetailViewViewModel.swift in Sources */ = {isa = PBXBuildFile; fileRef = 4EEAF11F29D5C03600570D5D /* RMCharacterDetailViewViewModel.swift */; };
		4EEAF12429D5CFA900570D5D /* RMFooterLoadingCollectCollectionReusableView.swift in Sources */ = {isa = PBXBuildFile; fileRef = 4EEAF12329D5CFA900570D5D /* RMFooterLoadingCollectCollectionReusableView.swift */; };
		4EEB6BA429F2CFFD0071DCD9 /* RMEpisodeDetailViewController.swift in Sources */ = {isa = PBXBuildFile; fileRef = 4EEB6BA329F2CFFD0071DCD9 /* RMEpisodeDetailViewController.swift */; };
/* End PBXBuildFile section */

/* Begin PBXFileReference section */
		4E5278E829E8280C00CC2446 /* RMCharacterPhotoCollectionViewCell.swift */ = {isa = PBXFileReference; lastKnownFileType = sourcecode.swift; path = RMCharacterPhotoCollectionViewCell.swift; sourceTree = "<group>"; };
		4E5278EA29E8285E00CC2446 /* RMCharacterEpisodeCollectionViewCell.swift */ = {isa = PBXFileReference; lastKnownFileType = sourcecode.swift; path = RMCharacterEpisodeCollectionViewCell.swift; sourceTree = "<group>"; };
		4E5278EC29E8288E00CC2446 /* RMCharacterInformationCollectionViewCell.swift */ = {isa = PBXFileReference; lastKnownFileType = sourcecode.swift; path = RMCharacterInformationCollectionViewCell.swift; sourceTree = "<group>"; };
		4E5278EF29E82BAF00CC2446 /* RMCharacterPhotoCollectionViewCellViewModel.swift */ = {isa = PBXFileReference; lastKnownFileType = sourcecode.swift; path = RMCharacterPhotoCollectionViewCellViewModel.swift; sourceTree = "<group>"; };
		4E5278F129E82BC900CC2446 /* RMCharacterEpisodeCollectionViewCellViewModel.swift */ = {isa = PBXFileReference; lastKnownFileType = sourcecode.swift; path = RMCharacterEpisodeCollectionViewCellViewModel.swift; sourceTree = "<group>"; };
		4E5278F329E82BDB00CC2446 /* RMCharacterInformationCollectionViewCellViewModel.swift */ = {isa = PBXFileReference; lastKnownFileType = sourcecode.swift; path = RMCharacterInformationCollectionViewCellViewModel.swift; sourceTree = "<group>"; };
		4EBEED5F29E077C600A3F1E4 /* RMImageManager.swift */ = {isa = PBXFileReference; lastKnownFileType = sourcecode.swift; path = RMImageManager.swift; sourceTree = "<group>"; };
		4EEAF0CF29CB440300570D5D /* RMApp.app */ = {isa = PBXFileReference; explicitFileType = wrapper.application; includeInIndex = 0; path = RMApp.app; sourceTree = BUILT_PRODUCTS_DIR; };
		4EEAF0D229CB440300570D5D /* AppDelegate.swift */ = {isa = PBXFileReference; lastKnownFileType = sourcecode.swift; path = AppDelegate.swift; sourceTree = "<group>"; };
		4EEAF0D429CB440300570D5D /* SceneDelegate.swift */ = {isa = PBXFileReference; lastKnownFileType = sourcecode.swift; path = SceneDelegate.swift; sourceTree = "<group>"; };
		4EEAF0D629CB440300570D5D /* RMTabViewController.swift */ = {isa = PBXFileReference; lastKnownFileType = sourcecode.swift; path = RMTabViewController.swift; sourceTree = "<group>"; };
		4EEAF0DB29CB440600570D5D /* Assets.xcassets */ = {isa = PBXFileReference; lastKnownFileType = folder.assetcatalog; path = Assets.xcassets; sourceTree = "<group>"; };
		4EEAF0DE29CB440600570D5D /* Base */ = {isa = PBXFileReference; lastKnownFileType = file.storyboard; name = Base; path = Base.lproj/LaunchScreen.storyboard; sourceTree = "<group>"; };
		4EEAF0E029CB440600570D5D /* Info.plist */ = {isa = PBXFileReference; lastKnownFileType = text.plist.xml; path = Info.plist; sourceTree = "<group>"; };
		4EEAF0EE29CB45A800570D5D /* RMCharacterViewController.swift */ = {isa = PBXFileReference; lastKnownFileType = sourcecode.swift; path = RMCharacterViewController.swift; sourceTree = "<group>"; };
		4EEAF0F029CB45CA00570D5D /* RMEpisodeViewController.swift */ = {isa = PBXFileReference; lastKnownFileType = sourcecode.swift; path = RMEpisodeViewController.swift; sourceTree = "<group>"; };
		4EEAF0F229CB45E300570D5D /* RMLocationViewController.swift */ = {isa = PBXFileReference; lastKnownFileType = sourcecode.swift; path = RMLocationViewController.swift; sourceTree = "<group>"; };
		4EEAF0F429CB45F300570D5D /* RMSettingsViewController.swift */ = {isa = PBXFileReference; lastKnownFileType = sourcecode.swift; path = RMSettingsViewController.swift; sourceTree = "<group>"; };
		4EEAF0F629CB46F200570D5D /* RMLocation.swift */ = {isa = PBXFileReference; lastKnownFileType = sourcecode.swift; path = RMLocation.swift; sourceTree = "<group>"; };
		4EEAF0F829CB46FF00570D5D /* RMCharacter.swift */ = {isa = PBXFileReference; lastKnownFileType = sourcecode.swift; path = RMCharacter.swift; sourceTree = "<group>"; };
		4EEAF0FA29CB470600570D5D /* RMEpisode.swift */ = {isa = PBXFileReference; lastKnownFileType = sourcecode.swift; path = RMEpisode.swift; sourceTree = "<group>"; };
		4EEAF0FC29CB471F00570D5D /* RMServive.swift */ = {isa = PBXFileReference; lastKnownFileType = sourcecode.swift; path = RMServive.swift; sourceTree = "<group>"; };
		4EEAF0FE29CB475100570D5D /* RMRequest.swift */ = {isa = PBXFileReference; lastKnownFileType = sourcecode.swift; path = RMRequest.swift; sourceTree = "<group>"; };
		4EEAF10029CB476200570D5D /* RMEndpoint.swift */ = {isa = PBXFileReference; lastKnownFileType = sourcecode.swift; path = RMEndpoint.swift; sourceTree = "<group>"; };
		4EEAF10229CC2AE900570D5D /* RMOrigin.swift */ = {isa = PBXFileReference; lastKnownFileType = sourcecode.swift; path = RMOrigin.swift; sourceTree = "<group>"; };
		4EEAF10429CC2B4400570D5D /* RMSingleLocation.swift */ = {isa = PBXFileReference; lastKnownFileType = sourcecode.swift; path = RMSingleLocation.swift; sourceTree = "<group>"; };
		4EEAF10629CC2C3F00570D5D /* RMcharacterStatus.swift */ = {isa = PBXFileReference; lastKnownFileType = sourcecode.swift; path = RMcharacterStatus.swift; sourceTree = "<group>"; };
		4EEAF10829CC2CFD00570D5D /* RmCharacterGender.swift */ = {isa = PBXFileReference; lastKnownFileType = sourcecode.swift; path = RmCharacterGender.swift; sourceTree = "<group>"; };
		4EEAF10E29CC9B6D00570D5D /* RMGetAllCharactersResponse.swift */ = {isa = PBXFileReference; lastKnownFileType = sourcecode.swift; path = RMGetAllCharactersResponse.swift; sourceTree = "<group>"; };
		4EEAF11029CF0D5E00570D5D /* RMCharacterListViewViewModel.swift */ = {isa = PBXFileReference; lastKnownFileType = sourcecode.swift; path = RMCharacterListViewViewModel.swift; sourceTree = "<group>"; };
		4EEAF11229CF0F9400570D5D /* RMCharacterListView.swift */ = {isa = PBXFileReference; lastKnownFileType = sourcecode.swift; path = RMCharacterListView.swift; sourceTree = "<group>"; };
		4EEAF11429CF162200570D5D /* Extensions.swift */ = {isa = PBXFileReference; lastKnownFileType = sourcecode.swift; path = Extensions.swift; sourceTree = "<group>"; };
		4EEAF11629D057C300570D5D /* RMCharacterCollectionViewCell.swift */ = {isa = PBXFileReference; lastKnownFileType = sourcecode.swift; path = RMCharacterCollectionViewCell.swift; sourceTree = "<group>"; };
		4EEAF11829D058F100570D5D /* RMCharacterCollectionViewCellViewModel.swift */ = {isa = PBXFileReference; lastKnownFileType = sourcecode.swift; path = RMCharacterCollectionViewCellViewModel.swift; sourceTree = "<group>"; };
		4EEAF11B29D5BF0D00570D5D /* RMCharacterDetailViewController.swift */ = {isa = PBXFileReference; lastKnownFileType = sourcecode.swift; path = RMCharacterDetailViewController.swift; sourceTree = "<group>"; };
		4EEAF11D29D5C00500570D5D /* RMCharacterDetailView.swift */ = {isa = PBXFileReference; lastKnownFileType = sourcecode.swift; path = RMCharacterDetailView.swift; sourceTree = "<group>"; };
		4EEAF11F29D5C03600570D5D /* RMCharacterDetailViewViewModel.swift */ = {isa = PBXFileReference; lastKnownFileType = sourcecode.swift; path = RMCharacterDetailViewViewModel.swift; sourceTree = "<group>"; };
		4EEAF12329D5CFA900570D5D /* RMFooterLoadingCollectCollectionReusableView.swift */ = {isa = PBXFileReference; lastKnownFileType = sourcecode.swift; path = RMFooterLoadingCollectCollectionReusableView.swift; sourceTree = "<group>"; };
		4EEB6BA329F2CFFD0071DCD9 /* RMEpisodeDetailViewController.swift */ = {isa = PBXFileReference; lastKnownFileType = sourcecode.swift; path = RMEpisodeDetailViewController.swift; sourceTree = "<group>"; };
/* End PBXFileReference section */

/* Begin PBXFrameworksBuildPhase section */
		4EEAF0CC29CB440300570D5D /* Frameworks */ = {
			isa = PBXFrameworksBuildPhase;
			buildActionMask = 2147483647;
			files = (
			);
			runOnlyForDeploymentPostprocessing = 0;
		};
/* End PBXFrameworksBuildPhase section */

/* Begin PBXGroup section */
		4E5278E729E8279F00CC2446 /* RMCharacterDetail */ = {
			isa = PBXGroup;
			children = (
				4EEAF11D29D5C00500570D5D /* RMCharacterDetailView.swift */,
				4E5278E829E8280C00CC2446 /* RMCharacterPhotoCollectionViewCell.swift */,
				4E5278EC29E8288E00CC2446 /* RMCharacterInformationCollectionViewCell.swift */,
				4E5278EA29E8285E00CC2446 /* RMCharacterEpisodeCollectionViewCell.swift */,
			);
			path = RMCharacterDetail;
			sourceTree = "<group>";
		};
		4E5278EE29E82B2700CC2446 /* CharacterDeatil */ = {
			isa = PBXGroup;
			children = (
				4EEAF11F29D5C03600570D5D /* RMCharacterDetailViewViewModel.swift */,
				4E5278EF29E82BAF00CC2446 /* RMCharacterPhotoCollectionViewCellViewModel.swift */,
				4E5278F329E82BDB00CC2446 /* RMCharacterInformationCollectionViewCellViewModel.swift */,
				4E5278F129E82BC900CC2446 /* RMCharacterEpisodeCollectionViewCellViewModel.swift */,
			);
			path = CharacterDeatil;
			sourceTree = "<group>";
		};
		4EEAF0C629CB440300570D5D = {
			isa = PBXGroup;
			children = (
				4EEAF0D129CB440300570D5D /* RMApp */,
				4EEAF0D029CB440300570D5D /* Products */,
			);
			sourceTree = "<group>";
		};
		4EEAF0D029CB440300570D5D /* Products */ = {
			isa = PBXGroup;
			children = (
				4EEAF0CF29CB440300570D5D /* RMApp.app */,
			);
			name = Products;
			sourceTree = "<group>";
		};
		4EEAF0D129CB440300570D5D /* RMApp */ = {
			isa = PBXGroup;
			children = (
				4EEAF0E929CB451A00570D5D /* Models */,
				4EEAF0EB29CB452F00570D5D /* Views */,
				4EEAF0EA29CB452600570D5D /* ViewModel */,
				4EEAF0EC29CB453800570D5D /* Controllers */,
				4EEAF0E829CB450E00570D5D /* APIClient */,
				4EEAF0E729CB450600570D5D /* Manager */,
				4EEAF0E629CB44F000570D5D /* Resources */,
				4EEAF0E029CB440600570D5D /* Info.plist */,
			);
			path = RMApp;
			sourceTree = "<group>";
		};
		4EEAF0E629CB44F000570D5D /* Resources */ = {
			isa = PBXGroup;
			children = (
				4EEAF0D229CB440300570D5D /* AppDelegate.swift */,
				4EEAF0D429CB440300570D5D /* SceneDelegate.swift */,
				4EEAF0DB29CB440600570D5D /* Assets.xcassets */,
				4EEAF0DD29CB440600570D5D /* LaunchScreen.storyboard */,
				4EEAF11429CF162200570D5D /* Extensions.swift */,
			);
			path = Resources;
			sourceTree = "<group>";
		};
		4EEAF0E729CB450600570D5D /* Manager */ = {
			isa = PBXGroup;
			children = (
				4EBEED5F29E077C600A3F1E4 /* RMImageManager.swift */,
			);
			path = Manager;
			sourceTree = "<group>";
		};
		4EEAF0E829CB450E00570D5D /* APIClient */ = {
			isa = PBXGroup;
			children = (
				4EEAF0FC29CB471F00570D5D /* RMServive.swift */,
				4EEAF0FE29CB475100570D5D /* RMRequest.swift */,
				4EEAF10029CB476200570D5D /* RMEndpoint.swift */,
			);
			path = APIClient;
			sourceTree = "<group>";
		};
		4EEAF0E929CB451A00570D5D /* Models */ = {
			isa = PBXGroup;
			children = (
				4EEAF10D29CC9B2500570D5D /* APIResponseType */,
				4EEAF10B29CC9AC500570D5D /* DataTypes */,
			);
			path = Models;
			sourceTree = "<group>";
		};
		4EEAF0EA29CB452600570D5D /* ViewModel */ = {
			isa = PBXGroup;
			children = (
				4E5278EE29E82B2700CC2446 /* CharacterDeatil */,
				4EEAF12229D5C90D00570D5D /* RMCharacterViewModels */,
			);
			path = ViewModel;
			sourceTree = "<group>";
		};
		4EEAF0EB29CB452F00570D5D /* Views */ = {
			isa = PBXGroup;
			children = (
				4EEAF12129D5C8EF00570D5D /* RMCharacterViews */,
			);
			path = Views;
			sourceTree = "<group>";
		};
		4EEAF0EC29CB453800570D5D /* Controllers */ = {
			isa = PBXGroup;
			children = (
				4EEAF11A29D5BEEE00570D5D /* Others */,
				4EEAF0ED29CB458F00570D5D /* Core Navigation */,
			);
			path = Controllers;
			sourceTree = "<group>";
		};
		4EEAF0ED29CB458F00570D5D /* Core Navigation */ = {
			isa = PBXGroup;
			children = (
				4EEAF0D629CB440300570D5D /* RMTabViewController.swift */,
				4EEAF0EE29CB45A800570D5D /* RMCharacterViewController.swift */,
				4EEAF0F029CB45CA00570D5D /* RMEpisodeViewController.swift */,
				4EEAF0F229CB45E300570D5D /* RMLocationViewController.swift */,
				4EEAF0F429CB45F300570D5D /* RMSettingsViewController.swift */,
			);
			path = "Core Navigation";
			sourceTree = "<group>";
		};
		4EEAF10A29CC2D0A00570D5D /* RMCharacterModel */ = {
			isa = PBXGroup;
			children = (
				4EEAF0F829CB46FF00570D5D /* RMCharacter.swift */,
				4EEAF10429CC2B4400570D5D /* RMSingleLocation.swift */,
				4EEAF10229CC2AE900570D5D /* RMOrigin.swift */,
				4EEAF10629CC2C3F00570D5D /* RMcharacterStatus.swift */,
				4EEAF10829CC2CFD00570D5D /* RmCharacterGender.swift */,
			);
			path = RMCharacterModel;
			sourceTree = "<group>";
		};
		4EEAF10B29CC9AC500570D5D /* DataTypes */ = {
			isa = PBXGroup;
			children = (
				4EEAF10A29CC2D0A00570D5D /* RMCharacterModel */,
				4EEAF0F629CB46F200570D5D /* RMLocation.swift */,
				4EEAF0FA29CB470600570D5D /* RMEpisode.swift */,
			);
			path = DataTypes;
			sourceTree = "<group>";
		};
		4EEAF10D29CC9B2500570D5D /* APIResponseType */ = {
			isa = PBXGroup;
			children = (
				4EEAF10E29CC9B6D00570D5D /* RMGetAllCharactersResponse.swift */,
			);
			path = APIResponseType;
			sourceTree = "<group>";
		};
		4EEAF11A29D5BEEE00570D5D /* Others */ = {
			isa = PBXGroup;
			children = (
				4EEAF11B29D5BF0D00570D5D /* RMCharacterDetailViewController.swift */,
				4EEB6BA329F2CFFD0071DCD9 /* RMEpisodeDetailViewController.swift */,
			);
			path = Others;
			sourceTree = "<group>";
		};
		4EEAF12129D5C8EF00570D5D /* RMCharacterViews */ = {
			isa = PBXGroup;
			children = (
				4EEAF11229CF0F9400570D5D /* RMCharacterListView.swift */,
				4EEAF11629D057C300570D5D /* RMCharacterCollectionViewCell.swift */,
				4EEAF12329D5CFA900570D5D /* RMFooterLoadingCollectCollectionReusableView.swift */,
				4E5278E729E8279F00CC2446 /* RMCharacterDetail */,
			);
			path = RMCharacterViews;
			sourceTree = "<group>";
		};
		4EEAF12229D5C90D00570D5D /* RMCharacterViewModels */ = {
			isa = PBXGroup;
			children = (
				4EEAF11029CF0D5E00570D5D /* RMCharacterListViewViewModel.swift */,
				4EEAF11829D058F100570D5D /* RMCharacterCollectionViewCellViewModel.swift */,
			);
			path = RMCharacterViewModels;
			sourceTree = "<group>";
		};
/* End PBXGroup section */

/* Begin PBXNativeTarget section */
		4EEAF0CE29CB440300570D5D /* RMApp */ = {
			isa = PBXNativeTarget;
			buildConfigurationList = 4EEAF0E329CB440600570D5D /* Build configuration list for PBXNativeTarget "RMApp" */;
			buildPhases = (
				4EEAF0CB29CB440300570D5D /* Sources */,
				4EEAF0CC29CB440300570D5D /* Frameworks */,
				4EEAF0CD29CB440300570D5D /* Resources */,
			);
			buildRules = (
			);
			dependencies = (
			);
			name = RMApp;
			productName = RMApp;
			productReference = 4EEAF0CF29CB440300570D5D /* RMApp.app */;
			productType = "com.apple.product-type.application";
		};
/* End PBXNativeTarget section */

/* Begin PBXProject section */
		4EEAF0C729CB440300570D5D /* Project object */ = {
			isa = PBXProject;
			attributes = {
				BuildIndependentTargetsInParallel = 1;
				LastSwiftUpdateCheck = 1420;
				LastUpgradeCheck = 1420;
				TargetAttributes = {
					4EEAF0CE29CB440300570D5D = {
						CreatedOnToolsVersion = 14.2;
					};
				};
			};
			buildConfigurationList = 4EEAF0CA29CB440300570D5D /* Build configuration list for PBXProject "RMApp" */;
			compatibilityVersion = "Xcode 14.0";
			developmentRegion = en;
			hasScannedForEncodings = 0;
			knownRegions = (
				en,
				Base,
			);
			mainGroup = 4EEAF0C629CB440300570D5D;
			productRefGroup = 4EEAF0D029CB440300570D5D /* Products */;
			projectDirPath = "";
			projectRoot = "";
			targets = (
				4EEAF0CE29CB440300570D5D /* RMApp */,
			);
		};
/* End PBXProject section */

/* Begin PBXResourcesBuildPhase section */
		4EEAF0CD29CB440300570D5D /* Resources */ = {
			isa = PBXResourcesBuildPhase;
			buildActionMask = 2147483647;
			files = (
				4EEAF0DF29CB440600570D5D /* LaunchScreen.storyboard in Resources */,
				4EEAF0DC29CB440600570D5D /* Assets.xcassets in Resources */,
			);
			runOnlyForDeploymentPostprocessing = 0;
		};
/* End PBXResourcesBuildPhase section */

/* Begin PBXSourcesBuildPhase section */
		4EEAF0CB29CB440300570D5D /* Sources */ = {
			isa = PBXSourcesBuildPhase;
			buildActionMask = 2147483647;
			files = (
				4EEAF12429D5CFA900570D5D /* RMFooterLoadingCollectCollectionReusableView.swift in Sources */,
				4EEAF10329CC2AE900570D5D /* RMOrigin.swift in Sources */,
				4EEAF12029D5C03600570D5D /* RMCharacterDetailViewViewModel.swift in Sources */,
				4EEAF10529CC2B4400570D5D /* RMSingleLocation.swift in Sources */,
				4EEAF11329CF0F9400570D5D /* RMCharacterListView.swift in Sources */,
				4EEAF10F29CC9B6D00570D5D /* RMGetAllCharactersResponse.swift in Sources */,
				4EEAF10729CC2C3F00570D5D /* RMcharacterStatus.swift in Sources */,
				4E5278F229E82BC900CC2446 /* RMCharacterEpisodeCollectionViewCellViewModel.swift in Sources */,
				4EEAF0F129CB45CA00570D5D /* RMEpisodeViewController.swift in Sources */,
				4EEAF11C29D5BF0D00570D5D /* RMCharacterDetailViewController.swift in Sources */,
				4EEAF0F329CB45E300570D5D /* RMLocationViewController.swift in Sources */,
				4EEAF0F529CB45F300570D5D /* RMSettingsViewController.swift in Sources */,
				4EEAF0F729CB46F200570D5D /* RMLocation.swift in Sources */,
				4EEAF11729D057C300570D5D /* RMCharacterCollectionViewCell.swift in Sources */,
				4EEAF0D729CB440300570D5D /* RMTabViewController.swift in Sources */,
				4EEAF10929CC2CFD00570D5D /* RmCharacterGender.swift in Sources */,
				4EEAF0EF29CB45A800570D5D /* RMCharacterViewController.swift in Sources */,
				4EEAF0F929CB46FF00570D5D /* RMCharacter.swift in Sources */,
				4EEAF11529CF162200570D5D /* Extensions.swift in Sources */,
				4E5278E929E8280C00CC2446 /* RMCharacterPhotoCollectionViewCell.swift in Sources */,
				4EEAF0D329CB440300570D5D /* AppDelegate.swift in Sources */,
				4EEAF0FB29CB470600570D5D /* RMEpisode.swift in Sources */,
				4E5278F029E82BAF00CC2446 /* RMCharacterPhotoCollectionViewCellViewModel.swift in Sources */,
				4EEAF10129CB476200570D5D /* RMEndpoint.swift in Sources */,
				4EEAF0FD29CB471F00570D5D /* RMServive.swift in Sources */,
				4EEAF11929D058F100570D5D /* RMCharacterCollectionViewCellViewModel.swift in Sources */,
				4EEAF0FF29CB475100570D5D /* RMRequest.swift in Sources */,
				4EEB6BA429F2CFFD0071DCD9 /* RMEpisodeDetailViewController.swift in Sources */,
				4E5278F429E82BDB00CC2446 /* RMCharacterInformationCollectionViewCellViewModel.swift in Sources */,
				4E5278ED29E8288E00CC2446 /* RMCharacterInformationCollectionViewCell.swift in Sources */,
				4EEAF11129CF0D5F00570D5D /* RMCharacterListViewViewModel.swift in Sources */,
				4EEAF0D529CB440300570D5D /* SceneDelegate.swift in Sources */,
				4E5278EB29E8285E00CC2446 /* RMCharacterEpisodeCollectionViewCell.swift in Sources */,
				4EEAF11E29D5C00500570D5D /* RMCharacterDetailView.swift in Sources */,
				4EBEED6029E077C600A3F1E4 /* RMImageManager.swift in Sources */,
			);
			runOnlyForDeploymentPostprocessing = 0;
		};
/* End PBXSourcesBuildPhase section */

/* Begin PBXVariantGroup section */
		4EEAF0DD29CB440600570D5D /* LaunchScreen.storyboard */ = {
			isa = PBXVariantGroup;
			children = (
				4EEAF0DE29CB440600570D5D /* Base */,
			);
			name = LaunchScreen.storyboard;
			sourceTree = "<group>";
		};
/* End PBXVariantGroup section */

/* Begin XCBuildConfiguration section */
		4EEAF0E129CB440600570D5D /* Debug */ = {
			isa = XCBuildConfiguration;
			buildSettings = {
				ALWAYS_SEARCH_USER_PATHS = NO;
				CLANG_ANALYZER_NONNULL = YES;
				CLANG_ANALYZER_NUMBER_OBJECT_CONVERSION = YES_AGGRESSIVE;
				CLANG_CXX_LANGUAGE_STANDARD = "gnu++20";
				CLANG_ENABLE_MODULES = YES;
				CLANG_ENABLE_OBJC_ARC = YES;
				CLANG_ENABLE_OBJC_WEAK = YES;
				CLANG_WARN_BLOCK_CAPTURE_AUTORELEASING = YES;
				CLANG_WARN_BOOL_CONVERSION = YES;
				CLANG_WARN_COMMA = YES;
				CLANG_WARN_CONSTANT_CONVERSION = YES;
				CLANG_WARN_DEPRECATED_OBJC_IMPLEMENTATIONS = YES;
				CLANG_WARN_DIRECT_OBJC_ISA_USAGE = YES_ERROR;
				CLANG_WARN_DOCUMENTATION_COMMENTS = YES;
				CLANG_WARN_EMPTY_BODY = YES;
				CLANG_WARN_ENUM_CONVERSION = YES;
				CLANG_WARN_INFINITE_RECURSION = YES;
				CLANG_WARN_INT_CONVERSION = YES;
				CLANG_WARN_NON_LITERAL_NULL_CONVERSION = YES;
				CLANG_WARN_OBJC_IMPLICIT_RETAIN_SELF = YES;
				CLANG_WARN_OBJC_LITERAL_CONVERSION = YES;
				CLANG_WARN_OBJC_ROOT_CLASS = YES_ERROR;
				CLANG_WARN_QUOTED_INCLUDE_IN_FRAMEWORK_HEADER = YES;
				CLANG_WARN_RANGE_LOOP_ANALYSIS = YES;
				CLANG_WARN_STRICT_PROTOTYPES = YES;
				CLANG_WARN_SUSPICIOUS_MOVE = YES;
				CLANG_WARN_UNGUARDED_AVAILABILITY = YES_AGGRESSIVE;
				CLANG_WARN_UNREACHABLE_CODE = YES;
				CLANG_WARN__DUPLICATE_METHOD_MATCH = YES;
				COPY_PHASE_STRIP = NO;
				DEBUG_INFORMATION_FORMAT = dwarf;
				ENABLE_STRICT_OBJC_MSGSEND = YES;
				ENABLE_TESTABILITY = YES;
				GCC_C_LANGUAGE_STANDARD = gnu11;
				GCC_DYNAMIC_NO_PIC = NO;
				GCC_NO_COMMON_BLOCKS = YES;
				GCC_OPTIMIZATION_LEVEL = 0;
				GCC_PREPROCESSOR_DEFINITIONS = (
					"DEBUG=1",
					"$(inherited)",
				);
				GCC_WARN_64_TO_32_BIT_CONVERSION = YES;
				GCC_WARN_ABOUT_RETURN_TYPE = YES_ERROR;
				GCC_WARN_UNDECLARED_SELECTOR = YES;
				GCC_WARN_UNINITIALIZED_AUTOS = YES_AGGRESSIVE;
				GCC_WARN_UNUSED_FUNCTION = YES;
				GCC_WARN_UNUSED_VARIABLE = YES;
				IPHONEOS_DEPLOYMENT_TARGET = 16.2;
				MTL_ENABLE_DEBUG_INFO = INCLUDE_SOURCE;
				MTL_FAST_MATH = YES;
				ONLY_ACTIVE_ARCH = YES;
				SDKROOT = iphoneos;
				SWIFT_ACTIVE_COMPILATION_CONDITIONS = DEBUG;
				SWIFT_OPTIMIZATION_LEVEL = "-Onone";
			};
			name = Debug;
		};
		4EEAF0E229CB440600570D5D /* Release */ = {
			isa = XCBuildConfiguration;
			buildSettings = {
				ALWAYS_SEARCH_USER_PATHS = NO;
				CLANG_ANALYZER_NONNULL = YES;
				CLANG_ANALYZER_NUMBER_OBJECT_CONVERSION = YES_AGGRESSIVE;
				CLANG_CXX_LANGUAGE_STANDARD = "gnu++20";
				CLANG_ENABLE_MODULES = YES;
				CLANG_ENABLE_OBJC_ARC = YES;
				CLANG_ENABLE_OBJC_WEAK = YES;
				CLANG_WARN_BLOCK_CAPTURE_AUTORELEASING = YES;
				CLANG_WARN_BOOL_CONVERSION = YES;
				CLANG_WARN_COMMA = YES;
				CLANG_WARN_CONSTANT_CONVERSION = YES;
				CLANG_WARN_DEPRECATED_OBJC_IMPLEMENTATIONS = YES;
				CLANG_WARN_DIRECT_OBJC_ISA_USAGE = YES_ERROR;
				CLANG_WARN_DOCUMENTATION_COMMENTS = YES;
				CLANG_WARN_EMPTY_BODY = YES;
				CLANG_WARN_ENUM_CONVERSION = YES;
				CLANG_WARN_INFINITE_RECURSION = YES;
				CLANG_WARN_INT_CONVERSION = YES;
				CLANG_WARN_NON_LITERAL_NULL_CONVERSION = YES;
				CLANG_WARN_OBJC_IMPLICIT_RETAIN_SELF = YES;
				CLANG_WARN_OBJC_LITERAL_CONVERSION = YES;
				CLANG_WARN_OBJC_ROOT_CLASS = YES_ERROR;
				CLANG_WARN_QUOTED_INCLUDE_IN_FRAMEWORK_HEADER = YES;
				CLANG_WARN_RANGE_LOOP_ANALYSIS = YES;
				CLANG_WARN_STRICT_PROTOTYPES = YES;
				CLANG_WARN_SUSPICIOUS_MOVE = YES;
				CLANG_WARN_UNGUARDED_AVAILABILITY = YES_AGGRESSIVE;
				CLANG_WARN_UNREACHABLE_CODE = YES;
				CLANG_WARN__DUPLICATE_METHOD_MATCH = YES;
				COPY_PHASE_STRIP = NO;
				DEBUG_INFORMATION_FORMAT = "dwarf-with-dsym";
				ENABLE_NS_ASSERTIONS = NO;
				ENABLE_STRICT_OBJC_MSGSEND = YES;
				GCC_C_LANGUAGE_STANDARD = gnu11;
				GCC_NO_COMMON_BLOCKS = YES;
				GCC_WARN_64_TO_32_BIT_CONVERSION = YES;
				GCC_WARN_ABOUT_RETURN_TYPE = YES_ERROR;
				GCC_WARN_UNDECLARED_SELECTOR = YES;
				GCC_WARN_UNINITIALIZED_AUTOS = YES_AGGRESSIVE;
				GCC_WARN_UNUSED_FUNCTION = YES;
				GCC_WARN_UNUSED_VARIABLE = YES;
				IPHONEOS_DEPLOYMENT_TARGET = 16.2;
				MTL_ENABLE_DEBUG_INFO = NO;
				MTL_FAST_MATH = YES;
				SDKROOT = iphoneos;
				SWIFT_COMPILATION_MODE = wholemodule;
				SWIFT_OPTIMIZATION_LEVEL = "-O";
				VALIDATE_PRODUCT = YES;
			};
			name = Release;
		};
		4EEAF0E429CB440600570D5D /* Debug */ = {
			isa = XCBuildConfiguration;
			buildSettings = {
				ASSETCATALOG_COMPILER_APPICON_NAME = AppIcon;
				ASSETCATALOG_COMPILER_GLOBAL_ACCENT_COLOR_NAME = AccentColor;
				CODE_SIGN_STYLE = Automatic;
				CURRENT_PROJECT_VERSION = 1;
				DEVELOPMENT_TEAM = KA9UYNJBGG;
				GENERATE_INFOPLIST_FILE = YES;
				INFOPLIST_FILE = RMApp/Info.plist;
				INFOPLIST_KEY_UIApplicationSupportsIndirectInputEvents = YES;
				INFOPLIST_KEY_UILaunchStoryboardName = LaunchScreen;
				INFOPLIST_KEY_UISupportedInterfaceOrientations_iPad = "UIInterfaceOrientationPortrait UIInterfaceOrientationPortraitUpsideDown UIInterfaceOrientationLandscapeLeft UIInterfaceOrientationLandscapeRight";
				INFOPLIST_KEY_UISupportedInterfaceOrientations_iPhone = "UIInterfaceOrientationPortrait UIInterfaceOrientationLandscapeLeft UIInterfaceOrientationLandscapeRight";
				LD_RUNPATH_SEARCH_PATHS = (
					"$(inherited)",
					"@executable_path/Frameworks",
				);
				MARKETING_VERSION = 1.0;
				PRODUCT_BUNDLE_IDENTIFIER = RMApp.RMApp;
				PRODUCT_NAME = "$(TARGET_NAME)";
				SWIFT_EMIT_LOC_STRINGS = YES;
				SWIFT_VERSION = 5.0;
				TARGETED_DEVICE_FAMILY = "1,2";
			};
			name = Debug;
		};
		4EEAF0E529CB440600570D5D /* Release */ = {
			isa = XCBuildConfiguration;
			buildSettings = {
				ASSETCATALOG_COMPILER_APPICON_NAME = AppIcon;
				ASSETCATALOG_COMPILER_GLOBAL_ACCENT_COLOR_NAME = AccentColor;
				CODE_SIGN_STYLE = Automatic;
				CURRENT_PROJECT_VERSION = 1;
				DEVELOPMENT_TEAM = KA9UYNJBGG;
				GENERATE_INFOPLIST_FILE = YES;
				INFOPLIST_FILE = RMApp/Info.plist;
				INFOPLIST_KEY_UIApplicationSupportsIndirectInputEvents = YES;
				INFOPLIST_KEY_UILaunchStoryboardName = LaunchScreen;
				INFOPLIST_KEY_UISupportedInterfaceOrientations_iPad = "UIInterfaceOrientationPortrait UIInterfaceOrientationPortraitUpsideDown UIInterfaceOrientationLandscapeLeft UIInterfaceOrientationLandscapeRight";
				INFOPLIST_KEY_UISupportedInterfaceOrientations_iPhone = "UIInterfaceOrientationPortrait UIInterfaceOrientationLandscapeLeft UIInterfaceOrientationLandscapeRight";
				LD_RUNPATH_SEARCH_PATHS = (
					"$(inherited)",
					"@executable_path/Frameworks",
				);
				MARKETING_VERSION = 1.0;
				PRODUCT_BUNDLE_IDENTIFIER = RMApp.RMApp;
				PRODUCT_NAME = "$(TARGET_NAME)";
				SWIFT_EMIT_LOC_STRINGS = YES;
				SWIFT_VERSION = 5.0;
				TARGETED_DEVICE_FAMILY = "1,2";
			};
			name = Release;
		};
/* End XCBuildConfiguration section */

/* Begin XCConfigurationList section */
		4EEAF0CA29CB440300570D5D /* Build configuration list for PBXProject "RMApp" */ = {
			isa = XCConfigurationList;
			buildConfigurations = (
				4EEAF0E129CB440600570D5D /* Debug */,
				4EEAF0E229CB440600570D5D /* Release */,
			);
			defaultConfigurationIsVisible = 0;
			defaultConfigurationName = Release;
		};
		4EEAF0E329CB440600570D5D /* Build configuration list for PBXNativeTarget "RMApp" */ = {
			isa = XCConfigurationList;
			buildConfigurations = (
				4EEAF0E429CB440600570D5D /* Debug */,
				4EEAF0E529CB440600570D5D /* Release */,
			);
			defaultConfigurationIsVisible = 0;
			defaultConfigurationName = Release;
		};
/* End XCConfigurationList section */
	};
	rootObject = 4EEAF0C729CB440300570D5D /* Project object */;
}
